
Microsoft Visual Studio Solution File, Format Version 12.00
# Visual Studio Version 17
VisualStudioVersion = 17.6.33829.357
MinimumVisualStudioVersion = 10.0.40219.1
Project("{FAE04EC0-301F-11D3-BF4B-00C04F79EFBC}") = "DataAccess", "DataAccess\DataAccess.csproj", "{88D3D224-39AE-4D7B-BDEB-B872EEE43C20}"
EndProject
Project("{FAE04EC0-301F-11D3-BF4B-00C04F79EFBC}") = "Business", "Business\Business.csproj", "{3BFF1822-43CB-4BDA-953E-768A51B7FC9D}"
EndProject
Project("{FAE04EC0-301F-11D3-BF4B-00C04F79EFBC}") = "Entities", "Entities\Entities.csproj", "{6878721D-9659-421A-B9DA-A43FBD3769E8}"
EndProject
Project("{FAE04EC0-301F-11D3-BF4B-00C04F79EFBC}") = "ConsoleUI", "ConsoleUI\ConsoleUI.csproj", "{57A596CE-8874-44A4-8608-171E00210A99}"
EndProject
Global
	GlobalSection(SolutionConfigurationPlatforms) = preSolution
		Debug|Any CPU = Debug|Any CPU
		Release|Any CPU = Release|Any CPU
	EndGlobalSection
	GlobalSection(ProjectConfigurationPlatforms) = postSolution
		{88D3D224-39AE-4D7B-BDEB-B872EEE43C20}.Debug|Any CPU.ActiveCfg = Debug|Any CPU
		{88D3D224-39AE-4D7B-BDEB-B872EEE43C20}.Debug|Any CPU.Build.0 = Debug|Any CPU
		{88D3D224-39AE-4D7B-BDEB-B872EEE43C20}.Release|Any CPU.ActiveCfg = Release|Any CPU
		{88D3D224-39AE-4D7B-BDEB-B872EEE43C20}.Release|Any CPU.Build.0 = Release|Any CPU
		{3BFF1822-43CB-4BDA-953E-768A51B7FC9D}.Debug|Any CPU.ActiveCfg = Debug|Any CPU
		{3BFF1822-43CB-4BDA-953E-768A51B7FC9D}.Debug|Any CPU.Build.0 = Debug|Any CPU
		{3BFF1822-43CB-4BDA-953E-768A51B7FC9D}.Release|Any CPU.ActiveCfg = Release|Any CPU
		{3BFF1822-43CB-4BDA-953E-768A51B7FC9D}.Release|Any CPU.Build.0 = Release|Any CPU
		{6878721D-9659-421A-B9DA-A43FBD3769E8}.Debug|Any CPU.ActiveCfg = Debug|Any CPU
		{6878721D-9659-421A-B9DA-A43FBD3769E8}.Debug|Any CPU.Build.0 = Debug|Any CPU
		{6878721D-9659-421A-B9DA-A43FBD3769E8}.Release|Any CPU.ActiveCfg = Release|Any CPU
		{6878721D-9659-421A-B9DA-A43FBD3769E8}.Release|Any CPU.Build.0 = Release|Any CPU
		{57A596CE-8874-44A4-8608-171E00210A99}.Debug|Any CPU.ActiveCfg = Debug|Any CPU
		{57A596CE-8874-44A4-8608-171E00210A99}.Debug|Any CPU.Build.0 = Debug|Any CPU
		{57A596CE-8874-44A4-8608-171E00210A99}.Release|Any CPU.ActiveCfg = Release|Any CPU
		{57A596CE-8874-44A4-8608-171E00210A99}.Release|Any CPU.Build.0 = Release|Any CPU
	EndGlobalSection
	GlobalSection(SolutionProperties) = preSolution
		HideSolutionNode = FALSE
	EndGlobalSection
	GlobalSection(ExtensibilityGlobals) = postSolution
		SolutionGuid = {4320E65F-0686-4622-B435-23C23A677DF1}
	EndGlobalSection
EndGlobal
